
Microsoft Visual Studio Solution File, Format Version 12.00
# Visual Studio Version 16
VisualStudioVersion = 16.0.32929.386
MinimumVisualStudioVersion = 10.0.40219.1
Project("{FAE04EC0-301F-11D3-BF4B-00C04F79EFBC}") = "String Assignment", "String Assignment\String Assignment.csproj", "{850FF0B9-1115-4519-98F8-3FF5C1B8D020}"
EndProject
Global
	GlobalSection(SolutionConfigurationPlatforms) = preSolution
		Debug|Any CPU = Debug|Any CPU
		Release|Any CPU = Release|Any CPU
	EndGlobalSection
	GlobalSection(ProjectConfigurationPlatforms) = postSolution
		{850FF0B9-1115-4519-98F8-3FF5C1B8D020}.Debug|Any CPU.ActiveCfg = Debug|Any CPU
		{850FF0B9-1115-4519-98F8-3FF5C1B8D020}.Debug|Any CPU.Build.0 = Debug|Any CPU
		{850FF0B9-1115-4519-98F8-3FF5C1B8D020}.Release|Any CPU.ActiveCfg = Release|Any CPU
		{850FF0B9-1115-4519-98F8-3FF5C1B8D020}.Release|Any CPU.Build.0 = Release|Any CPU
	EndGlobalSection
	GlobalSection(SolutionProperties) = preSolution
		HideSolutionNode = FALSE
	EndGlobalSection
	GlobalSection(ExtensibilityGlobals) = postSolution
		SolutionGuid = {FA3CE0BB-8A3F-477E-8120-EECD26A6BAB3}
	EndGlobalSection
EndGlobal
